github.com/go-logfmt/logfmt v0.5.0 h1:TrB8swr/68K7m9CcGut2g3UOihhbcbiMAYiuTXdEih4=
github.com/go-logfmt/logfmt v0.5.0/go.mod h1:wCYkCAKZfumFQihp8CzCvQ3paCTfi41vtzG1KdI/P7A=
github.com/godror/godror v0.20.5 h1:6k/6TP1b0BraVnqzOkBSUC0XantVVSRqbRJhEbMxRoc=
github.com/godror/godror v0.20.5/go.mod h1:YlPoIf962ZZKPM5Xqa8NxmGgck39pi51tqAs+K3IaFM=
github.com/google/go-cmp v0.4.0 h1:xsAVV57WRhGj6kEIi8ReJzQlHHqcBYCElAvkovg3B/4=
github.com/google/go-cmp v0.4.0/go.mod h1:v8dTdLbMG2kIc/vJvl+f65V22dbkXbowE6jgT/gNBxE=
github.com/mattn/go-sqlite3 v1.14.4 h1:4rQjbDxdu9fSgI/r3KN72G3c2goxknAqHHgPWWs8UlI=
github.com/mattn/go-sqlite3 v1.14.4/go.mod h1:WVKg1VTActs4Qso6iwGbiFih2UIHo0ENGwNd0Lj+XmI=
github.com/meinside/lazy-korean-date-parser-go v0.2.0 h1:m7G9DIvwQe11ANc7KTQUTgMJrAuEJRcv8T6hcMROosM=
github.com/meinside/lazy-korean-date-parser-go v0.2.0/go.mod h1:jdokrGak47z+CI3gYxgpXZrIe/25r9o4RAmt5jucYv0=
github.com/meinside/telegram-bot-go v0.3.0 h1:ngiF/2MPDELgPzMDzSXUfTKi6gQaXodf/+110VTKYTo=
github.com/meinside/telegram-bot-go v0.3.0/go.mod h1:bFkuWCXfJVlcxFSc+3cfetrgFTek+UP/7HkUMlx5UdE=
golang.org/x/sync v0.0.0-20190911185100-cd5d95a43a6e h1:vcxGaoTs7kV8m5Np9uUNQin4BrLOthgV7252N8V+FwY=
golang.org/x/sync v0.0.0-20190911185100-cd5d95a43a6e/go.mod h1:RxMgew5VJxzue5/jJTE5uejpjVlOe/izrB70Jof72aM=
golang.org/x/xerrors v0.0.0-20191204190536-9bdfabe68543 h1:E7g+9GITq07hpfrRu66IVDexMakfv52eLZ2CXBWiKr4=
golang.org/x/xerrors v0.0.0-20191204190536-9bdfabe68543/go.mod h1:I/5z698sn9Ka8TeJc9MKroUUfqBBauWjQqLJ2OPfmY0=
